// !$*UTF8*$!
{
	archiveVersion = 1;
	classes = {
	};
	objectVersion = 51;
	objects = {

/* Begin PBXBuildFile section */
		493E4AD4D89AD1FACB1F5B0C /* Pods_rosnethub.framework in Frameworks */ = {isa = PBXBuildFile; fileRef = 1955CA5AF315C658640C502A /* Pods_rosnethub.framework */; };
		F406272D25716841005BB11D /* AppDelegate.swift in Sources */ = {isa = PBXBuildFile; fileRef = F406272C25716841005BB11D /* AppDelegate.swift */; };
		F406273625716842005BB11D /* Assets.xcassets in Resources */ = {isa = PBXBuildFile; fileRef = F406273525716842005BB11D /* Assets.xcassets */; };
		F406273925716842005BB11D /* LaunchScreen.storyboard in Resources */ = {isa = PBXBuildFile; fileRef = F406273725716842005BB11D /* LaunchScreen.storyboard */; };
		F40C8BF82571738900324BA2 /* BaseViewController.swift in Sources */ = {isa = PBXBuildFile; fileRef = F40C8BF72571738900324BA2 /* BaseViewController.swift */; };
		F40C8C122571742F00324BA2 /* BaseViewModel.swift in Sources */ = {isa = PBXBuildFile; fileRef = F40C8C112571742F00324BA2 /* BaseViewModel.swift */; };
		F40C8C152571745400324BA2 /* BaseView.swift in Sources */ = {isa = PBXBuildFile; fileRef = F40C8C142571745400324BA2 /* BaseView.swift */; };
		F40C8C182571782D00324BA2 /* HomeTabBarController.swift in Sources */ = {isa = PBXBuildFile; fileRef = F40C8C172571782D00324BA2 /* HomeTabBarController.swift */; };
		F40C8C1C2571789800324BA2 /* HomeTabBarViewModel.swift in Sources */ = {isa = PBXBuildFile; fileRef = F40C8C1B2571789800324BA2 /* HomeTabBarViewModel.swift */; };
		F40C8C1F25717B6F00324BA2 /* StatementListViewModel.swift in Sources */ = {isa = PBXBuildFile; fileRef = F40C8C1E25717B6F00324BA2 /* StatementListViewModel.swift */; };
		F40C8C2225717B7A00324BA2 /* StatementListView.swift in Sources */ = {isa = PBXBuildFile; fileRef = F40C8C2125717B7A00324BA2 /* StatementListView.swift */; };
		F40C8C2525717B8800324BA2 /* StatementListViewController.swift in Sources */ = {isa = PBXBuildFile; fileRef = F40C8C2425717B8800324BA2 /* StatementListViewController.swift */; };
		F40C8C2A25717C6E00324BA2 /* BaseTableViewCell.swift in Sources */ = {isa = PBXBuildFile; fileRef = F40C8C2925717C6E00324BA2 /* BaseTableViewCell.swift */; };
		F40C8C2E25717C9A00324BA2 /* BaseCellViewModel.swift in Sources */ = {isa = PBXBuildFile; fileRef = F40C8C2D25717C9A00324BA2 /* BaseCellViewModel.swift */; };
		F40C8C3225717D3A00324BA2 /* StatementListCell.swift in Sources */ = {isa = PBXBuildFile; fileRef = F40C8C3125717D3A00324BA2 /* StatementListCell.swift */; };
		F40C8C3625717D5C00324BA2 /* StatementListCellViewModel.swift in Sources */ = {isa = PBXBuildFile; fileRef = F40C8C3525717D5C00324BA2 /* StatementListCellViewModel.swift */; };
		F40C8C3925717D9700324BA2 /* Statement.swift in Sources */ = {isa = PBXBuildFile; fileRef = F40C8C3825717D9700324BA2 /* Statement.swift */; };
		F40C8C3D25717E6500324BA2 /* UIFont+Extensions.swift in Sources */ = {isa = PBXBuildFile; fileRef = F40C8C3C25717E6500324BA2 /* UIFont+Extensions.swift */; };
		F40C8C422571801900324BA2 /* Network.swift in Sources */ = {isa = PBXBuildFile; fileRef = F40C8C412571801900324BA2 /* Network.swift */; };
		F40C8C452571802D00324BA2 /* NetworkManager.swift in Sources */ = {isa = PBXBuildFile; fileRef = F40C8C442571802D00324BA2 /* NetworkManager.swift */; };
		F44B8F9E257190A600CFA4D7 /* UIView+Extensions.swift in Sources */ = {isa = PBXBuildFile; fileRef = F44B8F9D257190A600CFA4D7 /* UIView+Extensions.swift */; };
		F44B8FA22571925300CFA4D7 /* Rx+Extensions.swift in Sources */ = {isa = PBXBuildFile; fileRef = F44B8FA12571925300CFA4D7 /* Rx+Extensions.swift */; };
		F44B8FAC257193C800CFA4D7 /* StatementEndPoint.swift in Sources */ = {isa = PBXBuildFile; fileRef = F44B8FAB257193C800CFA4D7 /* StatementEndPoint.swift */; };
		F44B8FB02571A2BD00CFA4D7 /* User.swift in Sources */ = {isa = PBXBuildFile; fileRef = F44B8FAF2571A2BD00CFA4D7 /* User.swift */; };
		F44B8FB42571A43800CFA4D7 /* Int+Extensions.swift in Sources */ = {isa = PBXBuildFile; fileRef = F44B8FB32571A43800CFA4D7 /* Int+Extensions.swift */; };
		F44B8FB92571B47A00CFA4D7 /* ProfileView.swift in Sources */ = {isa = PBXBuildFile; fileRef = F44B8FB82571B47A00CFA4D7 /* ProfileView.swift */; };
		F44B8FBD2571B48F00CFA4D7 /* ProfileViewModel.swift in Sources */ = {isa = PBXBuildFile; fileRef = F44B8FBC2571B48F00CFA4D7 /* ProfileViewModel.swift */; };
		F44B8FC12571B4A600CFA4D7 /* ProfileViewController.swift in Sources */ = {isa = PBXBuildFile; fileRef = F44B8FC02571B4A600CFA4D7 /* ProfileViewController.swift */; };
		F44B8FC9257203CB00CFA4D7 /* LoginViewController.swift in Sources */ = {isa = PBXBuildFile; fileRef = F44B8FC8257203CB00CFA4D7 /* LoginViewController.swift */; };
		F44B8FCD257203E100CFA4D7 /* LoginView.swift in Sources */ = {isa = PBXBuildFile; fileRef = F44B8FCC257203E100CFA4D7 /* LoginView.swift */; };
		F44B8FD02572043A00CFA4D7 /* LoginViewModel.swift in Sources */ = {isa = PBXBuildFile; fileRef = F44B8FCF2572043A00CFA4D7 /* LoginViewModel.swift */; };
		F44B8FD325720D4400CFA4D7 /* TextFieldWithInsets.swift in Sources */ = {isa = PBXBuildFile; fileRef = F44B8FD225720D4400CFA4D7 /* TextFieldWithInsets.swift */; };
		F4C36230257214330069C46A /* GothamPro-Bold.ttf in Resources */ = {isa = PBXBuildFile; fileRef = F4C3622C257214330069C46A /* GothamPro-Bold.ttf */; };
		F4C36231257214330069C46A /* GothamPro-Medium.ttf in Resources */ = {isa = PBXBuildFile; fileRef = F4C3622D257214330069C46A /* GothamPro-Medium.ttf */; };
		F4C36233257214330069C46A /* GothamPro-Light.ttf in Resources */ = {isa = PBXBuildFile; fileRef = F4C3622F257214330069C46A /* GothamPro-Light.ttf */; };
		F4C3623D257217DE0069C46A /* GothamPro.ttf in Resources */ = {isa = PBXBuildFile; fileRef = F4C3623C257217DE0069C46A /* GothamPro.ttf */; };
		F4C36241257231490069C46A /* .gitignore in Resources */ = {isa = PBXBuildFile; fileRef = F4C36240257231490069C46A /* .gitignore */; };
		F4C36247257232F20069C46A /* AddStatementViewModel.swift in Sources */ = {isa = PBXBuildFile; fileRef = F4C36246257232F20069C46A /* AddStatementViewModel.swift */; };
		F4C3624A257232FE0069C46A /* AddStatementView.swift in Sources */ = {isa = PBXBuildFile; fileRef = F4C36249257232FE0069C46A /* AddStatementView.swift */; };
		F4C3624D257233110069C46A /* AddStatementViewController.swift in Sources */ = {isa = PBXBuildFile; fileRef = F4C3624C257233110069C46A /* AddStatementViewController.swift */; };
		F4C36253257234050069C46A /* StatementDetailViewController.swift in Sources */ = {isa = PBXBuildFile; fileRef = F4C36252257234050069C46A /* StatementDetailViewController.swift */; };
		F4C36256257234180069C46A /* StatementDetailView.swift in Sources */ = {isa = PBXBuildFile; fileRef = F4C36255257234180069C46A /* StatementDetailView.swift */; };
		F4C3625A257234770069C46A /* StatementDetailViewModel.swift in Sources */ = {isa = PBXBuildFile; fileRef = F4C36259257234770069C46A /* StatementDetailViewModel.swift */; };
		F4C3625E25723B3D0069C46A /* RoundedTextField.swift in Sources */ = {isa = PBXBuildFile; fileRef = F4C3625D25723B3D0069C46A /* RoundedTextField.swift */; };
		F4C3626325723DCA0069C46A /* RoundedTextView.swift in Sources */ = {isa = PBXBuildFile; fileRef = F4C3626225723DCA0069C46A /* RoundedTextView.swift */; };
/* End PBXBuildFile section */

/* Begin PBXFileReference section */
		1955CA5AF315C658640C502A /* Pods_rosnethub.framework */ = {isa = PBXFileReference; explicitFileType = wrapper.framework; includeInIndex = 0; path = Pods_rosnethub.framework; sourceTree = BUILT_PRODUCTS_DIR; };
		44E6FB9FC25633B73B68FFA9 /* Pods-rosnethub.debug.xcconfig */ = {isa = PBXFileReference; includeInIndex = 1; lastKnownFileType = text.xcconfig; name = "Pods-rosnethub.debug.xcconfig"; path = "Target Support Files/Pods-rosnethub/Pods-rosnethub.debug.xcconfig"; sourceTree = "<group>"; };
		4E7609E823D62A91FE3CC7C5 /* Pods-rosnethub.release.xcconfig */ = {isa = PBXFileReference; includeInIndex = 1; lastKnownFileType = text.xcconfig; name = "Pods-rosnethub.release.xcconfig"; path = "Target Support Files/Pods-rosnethub/Pods-rosnethub.release.xcconfig"; sourceTree = "<group>"; };
		F406272925716841005BB11D /* rosnethub.app */ = {isa = PBXFileReference; explicitFileType = wrapper.application; includeInIndex = 0; path = rosnethub.app; sourceTree = BUILT_PRODUCTS_DIR; };
		F406272C25716841005BB11D /* AppDelegate.swift */ = {isa = PBXFileReference; lastKnownFileType = sourcecode.swift; path = AppDelegate.swift; sourceTree = "<group>"; };
		F406273525716842005BB11D /* Assets.xcassets */ = {isa = PBXFileReference; lastKnownFileType = folder.assetcatalog; path = Assets.xcassets; sourceTree = "<group>"; };
		F406273825716842005BB11D /* Base */ = {isa = PBXFileReference; lastKnownFileType = file.storyboard; name = Base; path = Base.lproj/LaunchScreen.storyboard; sourceTree = "<group>"; };
		F406273A25716842005BB11D /* Info.plist */ = {isa = PBXFileReference; lastKnownFileType = text.plist.xml; path = Info.plist; sourceTree = "<group>"; };
		F40C8BF72571738900324BA2 /* BaseViewController.swift */ = {isa = PBXFileReference; lastKnownFileType = sourcecode.swift; path = BaseViewController.swift; sourceTree = "<group>"; };
		F40C8C112571742F00324BA2 /* BaseViewModel.swift */ = {isa = PBXFileReference; lastKnownFileType = sourcecode.swift; path = BaseViewModel.swift; sourceTree = "<group>"; };
		F40C8C142571745400324BA2 /* BaseView.swift */ = {isa = PBXFileReference; lastKnownFileType = sourcecode.swift; path = BaseView.swift; sourceTree = "<group>"; };
		F40C8C172571782D00324BA2 /* HomeTabBarController.swift */ = {isa = PBXFileReference; lastKnownFileType = sourcecode.swift; path = HomeTabBarController.swift; sourceTree = "<group>"; };
		F40C8C1B2571789800324BA2 /* HomeTabBarViewModel.swift */ = {isa = PBXFileReference; lastKnownFileType = sourcecode.swift; path = HomeTabBarViewModel.swift; sourceTree = "<group>"; };
		F40C8C1E25717B6F00324BA2 /* StatementListViewModel.swift */ = {isa = PBXFileReference; lastKnownFileType = sourcecode.swift; path = StatementListViewModel.swift; sourceTree = "<group>"; };
		F40C8C2125717B7A00324BA2 /* StatementListView.swift */ = {isa = PBXFileReference; lastKnownFileType = sourcecode.swift; path = StatementListView.swift; sourceTree = "<group>"; };
		F40C8C2425717B8800324BA2 /* StatementListViewController.swift */ = {isa = PBXFileReference; lastKnownFileType = sourcecode.swift; path = StatementListViewController.swift; sourceTree = "<group>"; };
		F40C8C2925717C6E00324BA2 /* BaseTableViewCell.swift */ = {isa = PBXFileReference; lastKnownFileType = sourcecode.swift; path = BaseTableViewCell.swift; sourceTree = "<group>"; };
		F40C8C2D25717C9A00324BA2 /* BaseCellViewModel.swift */ = {isa = PBXFileReference; lastKnownFileType = sourcecode.swift; path = BaseCellViewModel.swift; sourceTree = "<group>"; };
		F40C8C3125717D3A00324BA2 /* StatementListCell.swift */ = {isa = PBXFileReference; lastKnownFileType = sourcecode.swift; path = StatementListCell.swift; sourceTree = "<group>"; };
		F40C8C3525717D5C00324BA2 /* StatementListCellViewModel.swift */ = {isa = PBXFileReference; lastKnownFileType = sourcecode.swift; path = StatementListCellViewModel.swift; sourceTree = "<group>"; };
		F40C8C3825717D9700324BA2 /* Statement.swift */ = {isa = PBXFileReference; lastKnownFileType = sourcecode.swift; path = Statement.swift; sourceTree = "<group>"; };
		F40C8C3C25717E6500324BA2 /* UIFont+Extensions.swift */ = {isa = PBXFileReference; lastKnownFileType = sourcecode.swift; path = "UIFont+Extensions.swift"; sourceTree = "<group>"; };
		F40C8C412571801900324BA2 /* Network.swift */ = {isa = PBXFileReference; lastKnownFileType = sourcecode.swift; path = Network.swift; sourceTree = "<group>"; };
		F40C8C442571802D00324BA2 /* NetworkManager.swift */ = {isa = PBXFileReference; lastKnownFileType = sourcecode.swift; path = NetworkManager.swift; sourceTree = "<group>"; };
		F44B8F9D257190A600CFA4D7 /* UIView+Extensions.swift */ = {isa = PBXFileReference; lastKnownFileType = sourcecode.swift; path = "UIView+Extensions.swift"; sourceTree = "<group>"; };
		F44B8FA12571925300CFA4D7 /* Rx+Extensions.swift */ = {isa = PBXFileReference; lastKnownFileType = sourcecode.swift; path = "Rx+Extensions.swift"; sourceTree = "<group>"; };
		F44B8FAB257193C800CFA4D7 /* StatementEndPoint.swift */ = {isa = PBXFileReference; lastKnownFileType = sourcecode.swift; path = StatementEndPoint.swift; sourceTree = "<group>"; };
		F44B8FAF2571A2BD00CFA4D7 /* User.swift */ = {isa = PBXFileReference; lastKnownFileType = sourcecode.swift; path = User.swift; sourceTree = "<group>"; };
		F44B8FB32571A43800CFA4D7 /* Int+Extensions.swift */ = {isa = PBXFileReference; lastKnownFileType = sourcecode.swift; path = "Int+Extensions.swift"; sourceTree = "<group>"; };
		F44B8FB82571B47A00CFA4D7 /* ProfileView.swift */ = {isa = PBXFileReference; lastKnownFileType = sourcecode.swift; path = ProfileView.swift; sourceTree = "<group>"; };
		F44B8FBC2571B48F00CFA4D7 /* ProfileViewModel.swift */ = {isa = PBXFileReference; lastKnownFileType = sourcecode.swift; path = ProfileViewModel.swift; sourceTree = "<group>"; };
		F44B8FC02571B4A600CFA4D7 /* ProfileViewController.swift */ = {isa = PBXFileReference; lastKnownFileType = sourcecode.swift; path = ProfileViewController.swift; sourceTree = "<group>"; };
		F44B8FC8257203CB00CFA4D7 /* LoginViewController.swift */ = {isa = PBXFileReference; lastKnownFileType = sourcecode.swift; path = LoginViewController.swift; sourceTree = "<group>"; };
		F44B8FCC257203E100CFA4D7 /* LoginView.swift */ = {isa = PBXFileReference; lastKnownFileType = sourcecode.swift; path = LoginView.swift; sourceTree = "<group>"; };
		F44B8FCF2572043A00CFA4D7 /* LoginViewModel.swift */ = {isa = PBXFileReference; lastKnownFileType = sourcecode.swift; path = LoginViewModel.swift; sourceTree = "<group>"; };
		F44B8FD225720D4400CFA4D7 /* TextFieldWithInsets.swift */ = {isa = PBXFileReference; lastKnownFileType = sourcecode.swift; path = TextFieldWithInsets.swift; sourceTree = "<group>"; };
		F4C3622C257214330069C46A /* GothamPro-Bold.ttf */ = {isa = PBXFileReference; lastKnownFileType = file; path = "GothamPro-Bold.ttf"; sourceTree = "<group>"; };
		F4C3622D257214330069C46A /* GothamPro-Medium.ttf */ = {isa = PBXFileReference; lastKnownFileType = file; path = "GothamPro-Medium.ttf"; sourceTree = "<group>"; };
		F4C3622F257214330069C46A /* GothamPro-Light.ttf */ = {isa = PBXFileReference; lastKnownFileType = file; path = "GothamPro-Light.ttf"; sourceTree = "<group>"; };
		F4C3623C257217DE0069C46A /* GothamPro.ttf */ = {isa = PBXFileReference; lastKnownFileType = file; path = GothamPro.ttf; sourceTree = "<group>"; };
		F4C36240257231490069C46A /* .gitignore */ = {isa = PBXFileReference; lastKnownFileType = text; path = .gitignore; sourceTree = "<group>"; };
		F4C36246257232F20069C46A /* AddStatementViewModel.swift */ = {isa = PBXFileReference; lastKnownFileType = sourcecode.swift; path = AddStatementViewModel.swift; sourceTree = "<group>"; };
		F4C36249257232FE0069C46A /* AddStatementView.swift */ = {isa = PBXFileReference; lastKnownFileType = sourcecode.swift; path = AddStatementView.swift; sourceTree = "<group>"; };
		F4C3624C257233110069C46A /* AddStatementViewController.swift */ = {isa = PBXFileReference; lastKnownFileType = sourcecode.swift; path = AddStatementViewController.swift; sourceTree = "<group>"; };
		F4C36252257234050069C46A /* StatementDetailViewController.swift */ = {isa = PBXFileReference; lastKnownFileType = sourcecode.swift; path = StatementDetailViewController.swift; sourceTree = "<group>"; };
		F4C36255257234180069C46A /* StatementDetailView.swift */ = {isa = PBXFileReference; lastKnownFileType = sourcecode.swift; path = StatementDetailView.swift; sourceTree = "<group>"; };
		F4C36259257234770069C46A /* StatementDetailViewModel.swift */ = {isa = PBXFileReference; lastKnownFileType = sourcecode.swift; path = StatementDetailViewModel.swift; sourceTree = "<group>"; };
		F4C3625D25723B3D0069C46A /* RoundedTextField.swift */ = {isa = PBXFileReference; lastKnownFileType = sourcecode.swift; path = RoundedTextField.swift; sourceTree = "<group>"; };
		F4C3626225723DCA0069C46A /* RoundedTextView.swift */ = {isa = PBXFileReference; lastKnownFileType = sourcecode.swift; path = RoundedTextView.swift; sourceTree = "<group>"; };
/* End PBXFileReference section */

/* Begin PBXFrameworksBuildPhase section */
		F406272625716841005BB11D /* Frameworks */ = {
			isa = PBXFrameworksBuildPhase;
			buildActionMask = 2147483647;
			files = (
				493E4AD4D89AD1FACB1F5B0C /* Pods_rosnethub.framework in Frameworks */,
			);
			runOnlyForDeploymentPostprocessing = 0;
		};
/* End PBXFrameworksBuildPhase section */

/* Begin PBXGroup section */
		892DA4E5A0515CD3FADF7980 /* Frameworks */ = {
			isa = PBXGroup;
			children = (
				1955CA5AF315C658640C502A /* Pods_rosnethub.framework */,
			);
			name = Frameworks;
			sourceTree = "<group>";
		};
		DB1A05739B1FE1C74FFC2867 /* Pods */ = {
			isa = PBXGroup;
			children = (
				44E6FB9FC25633B73B68FFA9 /* Pods-rosnethub.debug.xcconfig */,
				4E7609E823D62A91FE3CC7C5 /* Pods-rosnethub.release.xcconfig */,
			);
			path = Pods;
			sourceTree = "<group>";
		};
		F406272025716841005BB11D = {
			isa = PBXGroup;
			children = (
				F4C36240257231490069C46A /* .gitignore */,
				F406272B25716841005BB11D /* rosnethub */,
				F406272A25716841005BB11D /* Products */,
				DB1A05739B1FE1C74FFC2867 /* Pods */,
				892DA4E5A0515CD3FADF7980 /* Frameworks */,
			);
			sourceTree = "<group>";
		};
		F406272A25716841005BB11D /* Products */ = {
			isa = PBXGroup;
			children = (
				F406272925716841005BB11D /* rosnethub.app */,
			);
			name = Products;
			sourceTree = "<group>";
		};
		F406272B25716841005BB11D /* rosnethub */ = {
			isa = PBXGroup;
			children = (
				F406272C25716841005BB11D /* AppDelegate.swift */,
				F406273A25716842005BB11D /* Info.plist */,
				F40C8BF22571715600324BA2 /* View */,
				F40C8BF32571715D00324BA2 /* Models */,
				F40C8BF12571714500324BA2 /* Modules */,
				F40C8BF02571713000324BA2 /* Extensions */,
				F40C8BDF25716F9100324BA2 /* Network */,
				F40C8BDE25716F7600324BA2 /* Base */,
				F40C8BE025716FA400324BA2 /* Resources */,
			);
			path = rosnethub;
			sourceTree = "<group>";
		};
		F40C8BDE25716F7600324BA2 /* Base */ = {
			isa = PBXGroup;
			children = (
				F40C8BF72571738900324BA2 /* BaseViewController.swift */,
				F40C8C112571742F00324BA2 /* BaseViewModel.swift */,
				F40C8C142571745400324BA2 /* BaseView.swift */,
				F40C8C2925717C6E00324BA2 /* BaseTableViewCell.swift */,
				F40C8C2D25717C9A00324BA2 /* BaseCellViewModel.swift */,
			);
			path = Base;
			sourceTree = "<group>";
		};
		F40C8BDF25716F9100324BA2 /* Network */ = {
			isa = PBXGroup;
			children = (
				F44B8FAA2571936A00CFA4D7 /* EndPoints */,
				F40C8C412571801900324BA2 /* Network.swift */,
				F40C8C442571802D00324BA2 /* NetworkManager.swift */,
			);
			path = Network;
			sourceTree = "<group>";
		};
		F40C8BE025716FA400324BA2 /* Resources */ = {
			isa = PBXGroup;
			children = (
				F40C8BE125716FAD00324BA2 /* Fonts */,
				F406273525716842005BB11D /* Assets.xcassets */,
				F406273725716842005BB11D /* LaunchScreen.storyboard */,
			);
			path = Resources;
			sourceTree = "<group>";
		};
		F40C8BE125716FAD00324BA2 /* Fonts */ = {
			isa = PBXGroup;
			children = (
				F4C3623C257217DE0069C46A /* GothamPro.ttf */,
				F4C3622C257214330069C46A /* GothamPro-Bold.ttf */,
				F4C3622F257214330069C46A /* GothamPro-Light.ttf */,
				F4C3622D257214330069C46A /* GothamPro-Medium.ttf */,
			);
			path = Fonts;
			sourceTree = "<group>";
		};
		F40C8BF02571713000324BA2 /* Extensions */ = {
			isa = PBXGroup;
			children = (
				F44B8FA02571924600CFA4D7 /* Rx */,
				F40C8C3B25717E5400324BA2 /* UIKit */,
				F44B8FB22571A42000CFA4D7 /* Foundation */,
			);
			path = Extensions;
			sourceTree = "<group>";
		};
		F40C8BF12571714500324BA2 /* Modules */ = {
			isa = PBXGroup;
			children = (
				F44B8FC7257203BE00CFA4D7 /* Login */,
				F40C8BF52571717C00324BA2 /* HomeTabBar */,
				F40C8BF62571719000324BA2 /* StatementList */,
				F4C36244257232BF0069C46A /* AddStatement */,
				F4C362432572329F0069C46A /* StatementDetail */,
				F44B8FB72571B42300CFA4D7 /* Profile */,
			);
			path = Modules;
			sourceTree = "<group>";
		};
		F40C8BF22571715600324BA2 /* View */ = {
			isa = PBXGroup;
			children = (
				F4C3626125723DB00069C46A /* RoundedTextView */,
				F4C3625C25723B210069C46A /* RoundedTextField */,
				F44B8FD525720DDD00CFA4D7 /* TextFieldWithInsets */,
			);
			path = View;
			sourceTree = "<group>";
		};
		F40C8BF32571715D00324BA2 /* Models */ = {
			isa = PBXGroup;
			children = (
				F40C8C3825717D9700324BA2 /* Statement.swift */,
				F44B8FAF2571A2BD00CFA4D7 /* User.swift */,
			);
			path = Models;
			sourceTree = "<group>";
		};
		F40C8BF52571717C00324BA2 /* HomeTabBar */ = {
			isa = PBXGroup;
			children = (
				F40C8C172571782D00324BA2 /* HomeTabBarController.swift */,
				F40C8C1B2571789800324BA2 /* HomeTabBarViewModel.swift */,
			);
			path = HomeTabBar;
			sourceTree = "<group>";
		};
		F40C8BF62571719000324BA2 /* StatementList */ = {
			isa = PBXGroup;
			children = (
				F40C8C3025717D2900324BA2 /* Cells */,
				F40C8C2425717B8800324BA2 /* StatementListViewController.swift */,
				F40C8C2125717B7A00324BA2 /* StatementListView.swift */,
				F40C8C1E25717B6F00324BA2 /* StatementListViewModel.swift */,
			);
			path = StatementList;
			sourceTree = "<group>";
		};
		F40C8C3025717D2900324BA2 /* Cells */ = {
			isa = PBXGroup;
			children = (
				F40C8C3125717D3A00324BA2 /* StatementListCell.swift */,
				F40C8C3525717D5C00324BA2 /* StatementListCellViewModel.swift */,
			);
			path = Cells;
			sourceTree = "<group>";
		};
		F40C8C3B25717E5400324BA2 /* UIKit */ = {
			isa = PBXGroup;
			children = (
				F40C8C3C25717E6500324BA2 /* UIFont+Extensions.swift */,
				F44B8F9D257190A600CFA4D7 /* UIView+Extensions.swift */,
			);
			path = UIKit;
			sourceTree = "<group>";
		};
		F44B8FA02571924600CFA4D7 /* Rx */ = {
			isa = PBXGroup;
			children = (
				F44B8FA12571925300CFA4D7 /* Rx+Extensions.swift */,
			);
			path = Rx;
			sourceTree = "<group>";
		};
		F44B8FAA2571936A00CFA4D7 /* EndPoints */ = {
			isa = PBXGroup;
			children = (
				F44B8FAB257193C800CFA4D7 /* StatementEndPoint.swift */,
			);
			path = EndPoints;
			sourceTree = "<group>";
		};
		F44B8FB22571A42000CFA4D7 /* Foundation */ = {
			isa = PBXGroup;
			children = (
				F44B8FB32571A43800CFA4D7 /* Int+Extensions.swift */,
			);
			path = Foundation;
			sourceTree = "<group>";
		};
		F44B8FB72571B42300CFA4D7 /* Profile */ = {
			isa = PBXGroup;
			children = (
				F44B8FC02571B4A600CFA4D7 /* ProfileViewController.swift */,
				F44B8FB82571B47A00CFA4D7 /* ProfileView.swift */,
				F44B8FBC2571B48F00CFA4D7 /* ProfileViewModel.swift */,
			);
			path = Profile;
			sourceTree = "<group>";
		};
		F44B8FC7257203BE00CFA4D7 /* Login */ = {
			isa = PBXGroup;
			children = (
				F44B8FC8257203CB00CFA4D7 /* LoginViewController.swift */,
				F44B8FCC257203E100CFA4D7 /* LoginView.swift */,
				F44B8FCF2572043A00CFA4D7 /* LoginViewModel.swift */,
			);
			path = Login;
			sourceTree = "<group>";
		};
		F44B8FD525720DDD00CFA4D7 /* TextFieldWithInsets */ = {
			isa = PBXGroup;
			children = (
				F44B8FD225720D4400CFA4D7 /* TextFieldWithInsets.swift */,
			);
			path = TextFieldWithInsets;
			sourceTree = "<group>";
		};
		F4C362432572329F0069C46A /* StatementDetail */ = {
			isa = PBXGroup;
			children = (
				F4C36252257234050069C46A /* StatementDetailViewController.swift */,
				F4C36255257234180069C46A /* StatementDetailView.swift */,
				F4C36259257234770069C46A /* StatementDetailViewModel.swift */,
			);
			path = StatementDetail;
			sourceTree = "<group>";
		};
		F4C36244257232BF0069C46A /* AddStatement */ = {
			isa = PBXGroup;
			children = (
				F4C3624C257233110069C46A /* AddStatementViewController.swift */,
				F4C36249257232FE0069C46A /* AddStatementView.swift */,
				F4C36246257232F20069C46A /* AddStatementViewModel.swift */,
			);
			path = AddStatement;
			sourceTree = "<group>";
		};
		F4C3625C25723B210069C46A /* RoundedTextField */ = {
			isa = PBXGroup;
			children = (
				F4C3625D25723B3D0069C46A /* RoundedTextField.swift */,
			);
			path = RoundedTextField;
			sourceTree = "<group>";
		};
		F4C3626125723DB00069C46A /* RoundedTextView */ = {
			isa = PBXGroup;
			children = (
				F4C3626225723DCA0069C46A /* RoundedTextView.swift */,
			);
			path = RoundedTextView;
			sourceTree = "<group>";
		};
/* End PBXGroup section */

/* Begin PBXNativeTarget section */
		F406272825716841005BB11D /* rosnethub */ = {
			isa = PBXNativeTarget;
			buildConfigurationList = F406273D25716842005BB11D /* Build configuration list for PBXNativeTarget "rosnethub" */;
			buildPhases = (
				39D53EF61F47CDE7BA115AFB /* [CP] Check Pods Manifest.lock */,
				F406272525716841005BB11D /* Sources */,
				F406272625716841005BB11D /* Frameworks */,
				F406272725716841005BB11D /* Resources */,
				C9AC7F017E6F8C8AA5183E35 /* [CP] Embed Pods Frameworks */,
			);
			buildRules = (
			);
			dependencies = (
			);
			name = rosnethub;
			productName = rosnethub;
			productReference = F406272925716841005BB11D /* rosnethub.app */;
			productType = "com.apple.product-type.application";
		};
/* End PBXNativeTarget section */

/* Begin PBXProject section */
		F406272125716841005BB11D /* Project object */ = {
			isa = PBXProject;
			attributes = {
				LastSwiftUpdateCheck = 1220;
				LastUpgradeCheck = 1220;
				TargetAttributes = {
					F406272825716841005BB11D = {
						CreatedOnToolsVersion = 12.2;
					};
				};
			};
			buildConfigurationList = F406272425716841005BB11D /* Build configuration list for PBXProject "rosnethub" */;
			compatibilityVersion = "Xcode 9.3";
			developmentRegion = en;
			hasScannedForEncodings = 0;
			knownRegions = (
				en,
				Base,
			);
			mainGroup = F406272025716841005BB11D;
			productRefGroup = F406272A25716841005BB11D /* Products */;
			projectDirPath = "";
			projectRoot = "";
			targets = (
				F406272825716841005BB11D /* rosnethub */,
			);
		};
/* End PBXProject section */

/* Begin PBXResourcesBuildPhase section */
		F406272725716841005BB11D /* Resources */ = {
			isa = PBXResourcesBuildPhase;
			buildActionMask = 2147483647;
			files = (
				F4C36230257214330069C46A /* GothamPro-Bold.ttf in Resources */,
				F4C36241257231490069C46A /* .gitignore in Resources */,
				F406273925716842005BB11D /* LaunchScreen.storyboard in Resources */,
				F4C3623D257217DE0069C46A /* GothamPro.ttf in Resources */,
				F406273625716842005BB11D /* Assets.xcassets in Resources */,
				F4C36233257214330069C46A /* GothamPro-Light.ttf in Resources */,
				F4C36231257214330069C46A /* GothamPro-Medium.ttf in Resources */,
			);
			runOnlyForDeploymentPostprocessing = 0;
		};
/* End PBXResourcesBuildPhase section */

/* Begin PBXShellScriptBuildPhase section */
		39D53EF61F47CDE7BA115AFB /* [CP] Check Pods Manifest.lock */ = {
			isa = PBXShellScriptBuildPhase;
			buildActionMask = 2147483647;
			files = (
			);
			inputFileListPaths = (
			);
			inputPaths = (
				"${PODS_PODFILE_DIR_PATH}/Podfile.lock",
				"${PODS_ROOT}/Manifest.lock",
			);
			name = "[CP] Check Pods Manifest.lock";
			outputFileListPaths = (
			);
			outputPaths = (
				"$(DERIVED_FILE_DIR)/Pods-rosnethub-checkManifestLockResult.txt",
			);
			runOnlyForDeploymentPostprocessing = 0;
			shellPath = /bin/sh;
			shellScript = "diff \"${PODS_PODFILE_DIR_PATH}/Podfile.lock\" \"${PODS_ROOT}/Manifest.lock\" > /dev/null\nif [ $? != 0 ] ; then\n    # print error to STDERR\n    echo \"error: The sandbox is not in sync with the Podfile.lock. Run 'pod install' or update your CocoaPods installation.\" >&2\n    exit 1\nfi\n# This output is used by Xcode 'outputs' to avoid re-running this script phase.\necho \"SUCCESS\" > \"${SCRIPT_OUTPUT_FILE_0}\"\n";
			showEnvVarsInLog = 0;
		};
		C9AC7F017E6F8C8AA5183E35 /* [CP] Embed Pods Frameworks */ = {
			isa = PBXShellScriptBuildPhase;
			buildActionMask = 2147483647;
			files = (
			);
			inputFileListPaths = (
				"${PODS_ROOT}/Target Support Files/Pods-rosnethub/Pods-rosnethub-frameworks-${CONFIGURATION}-input-files.xcfilelist",
			);
			name = "[CP] Embed Pods Frameworks";
			outputFileListPaths = (
				"${PODS_ROOT}/Target Support Files/Pods-rosnethub/Pods-rosnethub-frameworks-${CONFIGURATION}-output-files.xcfilelist",
			);
			runOnlyForDeploymentPostprocessing = 0;
			shellPath = /bin/sh;
			shellScript = "\"${PODS_ROOT}/Target Support Files/Pods-rosnethub/Pods-rosnethub-frameworks.sh\"\n";
			showEnvVarsInLog = 0;
		};
/* End PBXShellScriptBuildPhase section */

/* Begin PBXSourcesBuildPhase section */
		F406272525716841005BB11D /* Sources */ = {
			isa = PBXSourcesBuildPhase;
			buildActionMask = 2147483647;
			files = (
				F40C8C1F25717B6F00324BA2 /* StatementListViewModel.swift in Sources */,
				F44B8FD325720D4400CFA4D7 /* TextFieldWithInsets.swift in Sources */,
				F406272D25716841005BB11D /* AppDelegate.swift in Sources */,
				F40C8C422571801900324BA2 /* Network.swift in Sources */,
				F40C8BF82571738900324BA2 /* BaseViewController.swift in Sources */,
				F40C8C3225717D3A00324BA2 /* StatementListCell.swift in Sources */,
				F40C8C2E25717C9A00324BA2 /* BaseCellViewModel.swift in Sources */,
				F4C3625E25723B3D0069C46A /* RoundedTextField.swift in Sources */,
				F4C3624A257232FE0069C46A /* AddStatementView.swift in Sources */,
				F4C3626325723DCA0069C46A /* RoundedTextView.swift in Sources */,
				F44B8FBD2571B48F00CFA4D7 /* ProfileViewModel.swift in Sources */,
				F40C8C122571742F00324BA2 /* BaseViewModel.swift in Sources */,
				F44B8FB42571A43800CFA4D7 /* Int+Extensions.swift in Sources */,
				F40C8C152571745400324BA2 /* BaseView.swift in Sources */,
				F40C8C3925717D9700324BA2 /* Statement.swift in Sources */,
				F40C8C2525717B8800324BA2 /* StatementListViewController.swift in Sources */,
				F40C8C452571802D00324BA2 /* NetworkManager.swift in Sources */,
				F40C8C3625717D5C00324BA2 /* StatementListCellViewModel.swift in Sources */,
				F4C3624D257233110069C46A /* AddStatementViewController.swift in Sources */,
				F44B8F9E257190A600CFA4D7 /* UIView+Extensions.swift in Sources */,
				F40C8C182571782D00324BA2 /* HomeTabBarController.swift in Sources */,
				F40C8C2225717B7A00324BA2 /* StatementListView.swift in Sources */,
				F40C8C2A25717C6E00324BA2 /* BaseTableViewCell.swift in Sources */,
				F44B8FB92571B47A00CFA4D7 /* ProfileView.swift in Sources */,
				F44B8FAC257193C800CFA4D7 /* StatementEndPoint.swift in Sources */,
				F44B8FD02572043A00CFA4D7 /* LoginViewModel.swift in Sources */,
				F44B8FA22571925300CFA4D7 /* Rx+Extensions.swift in Sources */,
				F44B8FCD257203E100CFA4D7 /* LoginView.swift in Sources */,
				F40C8C1C2571789800324BA2 /* HomeTabBarViewModel.swift in Sources */,
				F44B8FC12571B4A600CFA4D7 /* ProfileViewController.swift in Sources */,
				F4C3625A257234770069C46A /* StatementDetailViewModel.swift in Sources */,
				F4C36253257234050069C46A /* StatementDetailViewController.swift in Sources */,
				F4C36247257232F20069C46A /* AddStatementViewModel.swift in Sources */,
				F40C8C3D25717E6500324BA2 /* UIFont+Extensions.swift in Sources */,
				F4C36256257234180069C46A /* StatementDetailView.swift in Sources */,
				F44B8FC9257203CB00CFA4D7 /* LoginViewController.swift in Sources */,
				F44B8FB02571A2BD00CFA4D7 /* User.swift in Sources */,
			);
			runOnlyForDeploymentPostprocessing = 0;
		};
/* End PBXSourcesBuildPhase section */

/* Begin PBXVariantGroup section */
		F406273725716842005BB11D /* LaunchScreen.storyboard */ = {
			isa = PBXVariantGroup;
			children = (
				F406273825716842005BB11D /* Base */,
			);
			name = LaunchScreen.storyboard;
			sourceTree = "<group>";
		};
/* End PBXVariantGroup section */

/* Begin XCBuildConfiguration section */
		F406273B25716842005BB11D /* Debug */ = {
			isa = XCBuildConfiguration;
			buildSettings = {
				ALWAYS_SEARCH_USER_PATHS = NO;
				CLANG_ANALYZER_NONNULL = YES;
				CLANG_ANALYZER_NUMBER_OBJECT_CONVERSION = YES_AGGRESSIVE;
				CLANG_CXX_LANGUAGE_STANDARD = "gnu++14";
				CLANG_CXX_LIBRARY = "libc++";
				CLANG_ENABLE_MODULES = YES;
				CLANG_ENABLE_OBJC_ARC = YES;
				CLANG_ENABLE_OBJC_WEAK = YES;
				CLANG_WARN_BLOCK_CAPTURE_AUTORELEASING = YES;
				CLANG_WARN_BOOL_CONVERSION = YES;
				CLANG_WARN_COMMA = YES;
				CLANG_WARN_CONSTANT_CONVERSION = YES;
				CLANG_WARN_DEPRECATED_OBJC_IMPLEMENTATIONS = YES;
				CLANG_WARN_DIRECT_OBJC_ISA_USAGE = YES_ERROR;
				CLANG_WARN_DOCUMENTATION_COMMENTS = YES;
				CLANG_WARN_EMPTY_BODY = YES;
				CLANG_WARN_ENUM_CONVERSION = YES;
				CLANG_WARN_INFINITE_RECURSION = YES;
				CLANG_WARN_INT_CONVERSION = YES;
				CLANG_WARN_NON_LITERAL_NULL_CONVERSION = YES;
				CLANG_WARN_OBJC_IMPLICIT_RETAIN_SELF = YES;
				CLANG_WARN_OBJC_LITERAL_CONVERSION = YES;
				CLANG_WARN_OBJC_ROOT_CLASS = YES_ERROR;
				CLANG_WARN_QUOTED_INCLUDE_IN_FRAMEWORK_HEADER = YES;
				CLANG_WARN_RANGE_LOOP_ANALYSIS = YES;
				CLANG_WARN_STRICT_PROTOTYPES = YES;
				CLANG_WARN_SUSPICIOUS_MOVE = YES;
				CLANG_WARN_UNGUARDED_AVAILABILITY = YES_AGGRESSIVE;
				CLANG_WARN_UNREACHABLE_CODE = YES;
				CLANG_WARN__DUPLICATE_METHOD_MATCH = YES;
				COPY_PHASE_STRIP = NO;
				DEBUG_INFORMATION_FORMAT = dwarf;
				ENABLE_STRICT_OBJC_MSGSEND = YES;
				ENABLE_TESTABILITY = YES;
				GCC_C_LANGUAGE_STANDARD = gnu11;
				GCC_DYNAMIC_NO_PIC = NO;
				GCC_NO_COMMON_BLOCKS = YES;
				GCC_OPTIMIZATION_LEVEL = 0;
				GCC_PREPROCESSOR_DEFINITIONS = (
					"DEBUG=1",
					"$(inherited)",
				);
				GCC_WARN_64_TO_32_BIT_CONVERSION = YES;
				GCC_WARN_ABOUT_RETURN_TYPE = YES_ERROR;
				GCC_WARN_UNDECLARED_SELECTOR = YES;
				GCC_WARN_UNINITIALIZED_AUTOS = YES_AGGRESSIVE;
				GCC_WARN_UNUSED_FUNCTION = YES;
				GCC_WARN_UNUSED_VARIABLE = YES;
				IPHONEOS_DEPLOYMENT_TARGET = 13.0;
				MTL_ENABLE_DEBUG_INFO = INCLUDE_SOURCE;
				MTL_FAST_MATH = YES;
				ONLY_ACTIVE_ARCH = YES;
				SDKROOT = iphoneos;
				SWIFT_ACTIVE_COMPILATION_CONDITIONS = DEBUG;
				SWIFT_OPTIMIZATION_LEVEL = "-Onone";
			};
			name = Debug;
		};
		F406273C25716842005BB11D /* Release */ = {
			isa = XCBuildConfiguration;
			buildSettings = {
				ALWAYS_SEARCH_USER_PATHS = NO;
				CLANG_ANALYZER_NONNULL = YES;
				CLANG_ANALYZER_NUMBER_OBJECT_CONVERSION = YES_AGGRESSIVE;
				CLANG_CXX_LANGUAGE_STANDARD = "gnu++14";
				CLANG_CXX_LIBRARY = "libc++";
				CLANG_ENABLE_MODULES = YES;
				CLANG_ENABLE_OBJC_ARC = YES;
				CLANG_ENABLE_OBJC_WEAK = YES;
				CLANG_WARN_BLOCK_CAPTURE_AUTORELEASING = YES;
				CLANG_WARN_BOOL_CONVERSION = YES;
				CLANG_WARN_COMMA = YES;
				CLANG_WARN_CONSTANT_CONVERSION = YES;
				CLANG_WARN_DEPRECATED_OBJC_IMPLEMENTATIONS = YES;
				CLANG_WARN_DIRECT_OBJC_ISA_USAGE = YES_ERROR;
				CLANG_WARN_DOCUMENTATION_COMMENTS = YES;
				CLANG_WARN_EMPTY_BODY = YES;
				CLANG_WARN_ENUM_CONVERSION = YES;
				CLANG_WARN_INFINITE_RECURSION = YES;
				CLANG_WARN_INT_CONVERSION = YES;
				CLANG_WARN_NON_LITERAL_NULL_CONVERSION = YES;
				CLANG_WARN_OBJC_IMPLICIT_RETAIN_SELF = YES;
				CLANG_WARN_OBJC_LITERAL_CONVERSION = YES;
				CLANG_WARN_OBJC_ROOT_CLASS = YES_ERROR;
				CLANG_WARN_QUOTED_INCLUDE_IN_FRAMEWORK_HEADER = YES;
				CLANG_WARN_RANGE_LOOP_ANALYSIS = YES;
				CLANG_WARN_STRICT_PROTOTYPES = YES;
				CLANG_WARN_SUSPICIOUS_MOVE = YES;
				CLANG_WARN_UNGUARDED_AVAILABILITY = YES_AGGRESSIVE;
				CLANG_WARN_UNREACHABLE_CODE = YES;
				CLANG_WARN__DUPLICATE_METHOD_MATCH = YES;
				COPY_PHASE_STRIP = NO;
				DEBUG_INFORMATION_FORMAT = "dwarf-with-dsym";
				ENABLE_NS_ASSERTIONS = NO;
				ENABLE_STRICT_OBJC_MSGSEND = YES;
				GCC_C_LANGUAGE_STANDARD = gnu11;
				GCC_NO_COMMON_BLOCKS = YES;
				GCC_WARN_64_TO_32_BIT_CONVERSION = YES;
				GCC_WARN_ABOUT_RETURN_TYPE = YES_ERROR;
				GCC_WARN_UNDECLARED_SELECTOR = YES;
				GCC_WARN_UNINITIALIZED_AUTOS = YES_AGGRESSIVE;
				GCC_WARN_UNUSED_FUNCTION = YES;
				GCC_WARN_UNUSED_VARIABLE = YES;
				IPHONEOS_DEPLOYMENT_TARGET = 13.0;
				MTL_ENABLE_DEBUG_INFO = NO;
				MTL_FAST_MATH = YES;
				SDKROOT = iphoneos;
				SWIFT_COMPILATION_MODE = wholemodule;
				SWIFT_OPTIMIZATION_LEVEL = "-O";
				VALIDATE_PRODUCT = YES;
			};
			name = Release;
		};
		F406273E25716842005BB11D /* Debug */ = {
			isa = XCBuildConfiguration;
			baseConfigurationReference = 44E6FB9FC25633B73B68FFA9 /* Pods-rosnethub.debug.xcconfig */;
			buildSettings = {
				ASSETCATALOG_COMPILER_APPICON_NAME = AppIcon;
				ASSETCATALOG_COMPILER_GLOBAL_ACCENT_COLOR_NAME = AccentColor;
				CODE_SIGN_STYLE = Automatic;
				DEVELOPMENT_TEAM = 535YX7FQU9;
				INFOPLIST_FILE = rosnethub/Info.plist;
				LD_RUNPATH_SEARCH_PATHS = (
					"$(inherited)",
					"@executable_path/Frameworks",
				);
				PRODUCT_BUNDLE_IDENTIFIER = com.fuzr0dah.rosnethub;
				PRODUCT_NAME = "$(TARGET_NAME)";
				SWIFT_VERSION = 5.0;
				TARGETED_DEVICE_FAMILY = "1,2";
			};
			name = Debug;
		};
		F406273F25716842005BB11D /* Release */ = {
			isa = XCBuildConfiguration;
			baseConfigurationReference = 4E7609E823D62A91FE3CC7C5 /* Pods-rosnethub.release.xcconfig */;
			buildSettings = {
				ASSETCATALOG_COMPILER_APPICON_NAME = AppIcon;
				ASSETCATALOG_COMPILER_GLOBAL_ACCENT_COLOR_NAME = AccentColor;
				CODE_SIGN_STYLE = Automatic;
				DEVELOPMENT_TEAM = 535YX7FQU9;
				INFOPLIST_FILE = rosnethub/Info.plist;
				LD_RUNPATH_SEARCH_PATHS = (
					"$(inherited)",
					"@executable_path/Frameworks",
				);
				PRODUCT_BUNDLE_IDENTIFIER = com.fuzr0dah.rosnethub;
				PRODUCT_NAME = "$(TARGET_NAME)";
				SWIFT_VERSION = 5.0;
				TARGETED_DEVICE_FAMILY = "1,2";
			};
			name = Release;
		};
/* End XCBuildConfiguration section */

/* Begin XCConfigurationList section */
		F406272425716841005BB11D /* Build configuration list for PBXProject "rosnethub" */ = {
			isa = XCConfigurationList;
			buildConfigurations = (
				F406273B25716842005BB11D /* Debug */,
				F406273C25716842005BB11D /* Release */,
			);
			defaultConfigurationIsVisible = 0;
			defaultConfigurationName = Release;
		};
		F406273D25716842005BB11D /* Build configuration list for PBXNativeTarget "rosnethub" */ = {
			isa = XCConfigurationList;
			buildConfigurations = (
				F406273E25716842005BB11D /* Debug */,
				F406273F25716842005BB11D /* Release */,
			);
			defaultConfigurationIsVisible = 0;
			defaultConfigurationName = Release;
		};
/* End XCConfigurationList section */
	};
	rootObject = F406272125716841005BB11D /* Project object */;
}
